
Microsoft Visual Studio Solution File, Format Version 12.00
# Visual Studio Version 17
VisualStudioVersion = 17.7.34024.191
MinimumVisualStudioVersion = 10.0.40219.1
Project("{FAE04EC0-301F-11D3-BF4B-00C04F79EFBC}") = "GrafikaDLL", "GrafikaDLL.csproj", "{F73169D7-885A-4E54-853C-EF0BC0426992}"
EndProject
Global
	GlobalSection(SolutionConfigurationPlatforms) = preSolution
		Debug|Any CPU = Debug|Any CPU
		Release|Any CPU = Release|Any CPU
	EndGlobalSection
	GlobalSection(ProjectConfigurationPlatforms) = postSolution
		{F73169D7-885A-4E54-853C-EF0BC0426992}.Debug|Any CPU.ActiveCfg = Debug|Any CPU
		{F73169D7-885A-4E54-853C-EF0BC0426992}.Debug|Any CPU.Build.0 = Debug|Any CPU
		{F73169D7-885A-4E54-853C-EF0BC0426992}.Release|Any CPU.ActiveCfg = Release|Any CPU
		{F73169D7-885A-4E54-853C-EF0BC0426992}.Release|Any CPU.Build.0 = Release|Any CPU
	EndGlobalSection
	GlobalSection(SolutionProperties) = preSolution
		HideSolutionNode = FALSE
	EndGlobalSection
	GlobalSection(ExtensibilityGlobals) = postSolution
		SolutionGuid = {664F9A60-96FB-4FDB-A5E9-8B84F0BDB215}
	EndGlobalSection
EndGlobal
